// !$*UTF8*$!
{
	archiveVersion = 1;
	classes = {
	};
	objectVersion = 48;
	objects = {

/* Begin PBXBuildFile section */
		3C8A555F2022679D00A96C09 /* AppDelegate.swift in Sources */ = {isa = PBXBuildFile; fileRef = 3C8A555E2022679D00A96C09 /* AppDelegate.swift */; };
		3C8A55612022679D00A96C09 /* CharacterListViewController.swift in Sources */ = {isa = PBXBuildFile; fileRef = 3C8A55602022679D00A96C09 /* CharacterListViewController.swift */; };
		3C8A55642022679D00A96C09 /* Main.storyboard in Resources */ = {isa = PBXBuildFile; fileRef = 3C8A55622022679D00A96C09 /* Main.storyboard */; };
		3C8A55662022679E00A96C09 /* Assets.xcassets in Resources */ = {isa = PBXBuildFile; fileRef = 3C8A55652022679E00A96C09 /* Assets.xcassets */; };
		3C8A55692022679E00A96C09 /* LaunchScreen.storyboard in Resources */ = {isa = PBXBuildFile; fileRef = 3C8A55672022679E00A96C09 /* LaunchScreen.storyboard */; };
		3C8A55722022722F00A96C09 /* Cartfile in Resources */ = {isa = PBXBuildFile; fileRef = 3C8A55712022722E00A96C09 /* Cartfile */; };
		3C8A55792022794500A96C09 /* MarvelAPI.swift in Sources */ = {isa = PBXBuildFile; fileRef = 3C8A55782022794500A96C09 /* MarvelAPI.swift */; };
		3C8A557B2022795300A96C09 /* APIKeys.swift in Sources */ = {isa = PBXBuildFile; fileRef = 3C8A557A2022795300A96C09 /* APIKeys.swift */; };
		3C8A557F202287D800A96C09 /* ObjectMapper.framework in Frameworks */ = {isa = PBXBuildFile; fileRef = 3C8A557C202287D700A96C09 /* ObjectMapper.framework */; };
		3C8A5580202287D800A96C09 /* ObjectMapper.framework in Embed Frameworks */ = {isa = PBXBuildFile; fileRef = 3C8A557C202287D700A96C09 /* ObjectMapper.framework */; settings = {ATTRIBUTES = (CodeSignOnCopy, RemoveHeadersOnCopy, ); }; };
		3C8A5581202287D800A96C09 /* Alamofire.framework in Frameworks */ = {isa = PBXBuildFile; fileRef = 3C8A557D202287D700A96C09 /* Alamofire.framework */; };
		3C8A5582202287D800A96C09 /* Alamofire.framework in Embed Frameworks */ = {isa = PBXBuildFile; fileRef = 3C8A557D202287D700A96C09 /* Alamofire.framework */; settings = {ATTRIBUTES = (CodeSignOnCopy, RemoveHeadersOnCopy, ); }; };
		3C8A5583202287D800A96C09 /* Kingfisher.framework in Frameworks */ = {isa = PBXBuildFile; fileRef = 3C8A557E202287D800A96C09 /* Kingfisher.framework */; };
		3C8A5584202287D800A96C09 /* Kingfisher.framework in Embed Frameworks */ = {isa = PBXBuildFile; fileRef = 3C8A557E202287D800A96C09 /* Kingfisher.framework */; settings = {ATTRIBUTES = (CodeSignOnCopy, RemoveHeadersOnCopy, ); }; };
		3C8A55872022937D00A96C09 /* CryptoSwift.framework in Frameworks */ = {isa = PBXBuildFile; fileRef = 3C8A55862022937D00A96C09 /* CryptoSwift.framework */; };
		3C8A55882022937D00A96C09 /* CryptoSwift.framework in Embed Frameworks */ = {isa = PBXBuildFile; fileRef = 3C8A55862022937D00A96C09 /* CryptoSwift.framework */; settings = {ATTRIBUTES = (CodeSignOnCopy, RemoveHeadersOnCopy, ); }; };
		3C8A558A202297C300A96C09 /* CharacterModel.swift in Sources */ = {isa = PBXBuildFile; fileRef = 3C8A5589202297C300A96C09 /* CharacterModel.swift */; };
		3C8A558C20229FEB00A96C09 /* CharacterListModel.swift in Sources */ = {isa = PBXBuildFile; fileRef = 3C8A558B20229FEB00A96C09 /* CharacterListModel.swift */; };
		3C8A55902022A66B00A96C09 /* CharacterListViewModel.swift in Sources */ = {isa = PBXBuildFile; fileRef = 3C8A558F2022A66B00A96C09 /* CharacterListViewModel.swift */; };
/* End PBXBuildFile section */

/* Begin PBXCopyFilesBuildPhase section */
		3C8A5585202287D800A96C09 /* Embed Frameworks */ = {
			isa = PBXCopyFilesBuildPhase;
			buildActionMask = 2147483647;
			dstPath = "";
			dstSubfolderSpec = 10;
			files = (
				3C8A5580202287D800A96C09 /* ObjectMapper.framework in Embed Frameworks */,
				3C8A5584202287D800A96C09 /* Kingfisher.framework in Embed Frameworks */,
				3C8A5582202287D800A96C09 /* Alamofire.framework in Embed Frameworks */,
				3C8A55882022937D00A96C09 /* CryptoSwift.framework in Embed Frameworks */,
			);
			name = "Embed Frameworks";
			runOnlyForDeploymentPostprocessing = 0;
		};
/* End PBXCopyFilesBuildPhase section */

/* Begin PBXFileReference section */
		3C8A555B2022679D00A96C09 /* MarvelApp.app */ = {isa = PBXFileReference; explicitFileType = wrapper.application; includeInIndex = 0; path = MarvelApp.app; sourceTree = BUILT_PRODUCTS_DIR; };
		3C8A555E2022679D00A96C09 /* AppDelegate.swift */ = {isa = PBXFileReference; lastKnownFileType = sourcecode.swift; path = AppDelegate.swift; sourceTree = "<group>"; };
		3C8A55602022679D00A96C09 /* CharacterListViewController.swift */ = {isa = PBXFileReference; lastKnownFileType = sourcecode.swift; path = CharacterListViewController.swift; sourceTree = "<group>"; };
		3C8A55632022679D00A96C09 /* Base */ = {isa = PBXFileReference; lastKnownFileType = file.storyboard; name = Base; path = Base.lproj/Main.storyboard; sourceTree = "<group>"; };
		3C8A55652022679E00A96C09 /* Assets.xcassets */ = {isa = PBXFileReference; lastKnownFileType = folder.assetcatalog; path = Assets.xcassets; sourceTree = "<group>"; };
		3C8A55682022679E00A96C09 /* Base */ = {isa = PBXFileReference; lastKnownFileType = file.storyboard; name = Base; path = Base.lproj/LaunchScreen.storyboard; sourceTree = "<group>"; };
		3C8A556A2022679E00A96C09 /* Info.plist */ = {isa = PBXFileReference; lastKnownFileType = text.plist.xml; path = Info.plist; sourceTree = "<group>"; };
		3C8A55712022722E00A96C09 /* Cartfile */ = {isa = PBXFileReference; fileEncoding = 4; lastKnownFileType = text; path = Cartfile; sourceTree = "<group>"; };
		3C8A55782022794500A96C09 /* MarvelAPI.swift */ = {isa = PBXFileReference; lastKnownFileType = sourcecode.swift; path = MarvelAPI.swift; sourceTree = "<group>"; };
		3C8A557A2022795300A96C09 /* APIKeys.swift */ = {isa = PBXFileReference; lastKnownFileType = sourcecode.swift; path = APIKeys.swift; sourceTree = "<group>"; };
		3C8A557C202287D700A96C09 /* ObjectMapper.framework */ = {isa = PBXFileReference; lastKnownFileType = wrapper.framework; name = ObjectMapper.framework; path = Carthage/Build/iOS/ObjectMapper.framework; sourceTree = "<group>"; };
		3C8A557D202287D700A96C09 /* Alamofire.framework */ = {isa = PBXFileReference; lastKnownFileType = wrapper.framework; name = Alamofire.framework; path = Carthage/Build/iOS/Alamofire.framework; sourceTree = "<group>"; };
		3C8A557E202287D800A96C09 /* Kingfisher.framework */ = {isa = PBXFileReference; lastKnownFileType = wrapper.framework; name = Kingfisher.framework; path = Carthage/Build/iOS/Kingfisher.framework; sourceTree = "<group>"; };
		3C8A55862022937D00A96C09 /* CryptoSwift.framework */ = {isa = PBXFileReference; lastKnownFileType = wrapper.framework; name = CryptoSwift.framework; path = Carthage/Build/iOS/CryptoSwift.framework; sourceTree = "<group>"; };
		3C8A5589202297C300A96C09 /* CharacterModel.swift */ = {isa = PBXFileReference; lastKnownFileType = sourcecode.swift; path = CharacterModel.swift; sourceTree = "<group>"; };
		3C8A558B20229FEB00A96C09 /* CharacterListModel.swift */ = {isa = PBXFileReference; lastKnownFileType = sourcecode.swift; path = CharacterListModel.swift; sourceTree = "<group>"; };
		3C8A558F2022A66B00A96C09 /* CharacterListViewModel.swift */ = {isa = PBXFileReference; lastKnownFileType = sourcecode.swift; name = CharacterListViewModel.swift; path = Source/ViewModels/CharacterListViewModel.swift; sourceTree = SOURCE_ROOT; };
/* End PBXFileReference section */

/* Begin PBXFrameworksBuildPhase section */
		3C8A55582022679D00A96C09 /* Frameworks */ = {
			isa = PBXFrameworksBuildPhase;
			buildActionMask = 2147483647;
			files = (
				3C8A557F202287D800A96C09 /* ObjectMapper.framework in Frameworks */,
				3C8A5583202287D800A96C09 /* Kingfisher.framework in Frameworks */,
				3C8A5581202287D800A96C09 /* Alamofire.framework in Frameworks */,
				3C8A55872022937D00A96C09 /* CryptoSwift.framework in Frameworks */,
			);
			runOnlyForDeploymentPostprocessing = 0;
		};
/* End PBXFrameworksBuildPhase section */

/* Begin PBXGroup section */
		3C8A55522022679D00A96C09 = {
			isa = PBXGroup;
			children = (
				3C8A55732022738600A96C09 /* Frameworks */,
				3C8A555D2022679D00A96C09 /* Source */,
				3C8A555C2022679D00A96C09 /* Products */,
				3C8A55712022722E00A96C09 /* Cartfile */,
			);
			sourceTree = "<group>";
		};
		3C8A555C2022679D00A96C09 /* Products */ = {
			isa = PBXGroup;
			children = (
				3C8A555B2022679D00A96C09 /* MarvelApp.app */,
			);
			name = Products;
			sourceTree = "<group>";
		};
		3C8A555D2022679D00A96C09 /* Source */ = {
			isa = PBXGroup;
			children = (
				3C8A5574202274E200A96C09 /* API */,
				3C8A55752022779800A96C09 /* Views */,
				3C8A5576202277B300A96C09 /* ViewModels */,
				3C8A5577202277C600A96C09 /* Models */,
				3C8A5570202267C100A96C09 /* Application */,
				3C8A55652022679E00A96C09 /* Assets.xcassets */,
			);
			path = Source;
			sourceTree = "<group>";
		};
		3C8A5570202267C100A96C09 /* Application */ = {
			isa = PBXGroup;
			children = (
				3C8A555E2022679D00A96C09 /* AppDelegate.swift */,
				3C8A55622022679D00A96C09 /* Main.storyboard */,
				3C8A55672022679E00A96C09 /* LaunchScreen.storyboard */,
				3C8A556A2022679E00A96C09 /* Info.plist */,
			);
			path = Application;
			sourceTree = "<group>";
		};
		3C8A55732022738600A96C09 /* Frameworks */ = {
			isa = PBXGroup;
			children = (
				3C8A55862022937D00A96C09 /* CryptoSwift.framework */,
				3C8A557D202287D700A96C09 /* Alamofire.framework */,
				3C8A557E202287D800A96C09 /* Kingfisher.framework */,
				3C8A557C202287D700A96C09 /* ObjectMapper.framework */,
			);
			name = Frameworks;
			sourceTree = "<group>";
		};
		3C8A5574202274E200A96C09 /* API */ = {
			isa = PBXGroup;
			children = (
				3C8A55782022794500A96C09 /* MarvelAPI.swift */,
				3C8A557A2022795300A96C09 /* APIKeys.swift */,
			);
			path = API;
			sourceTree = "<group>";
		};
		3C8A55752022779800A96C09 /* Views */ = {
			isa = PBXGroup;
			children = (
				3C8A55602022679D00A96C09 /* CharacterListViewController.swift */,
			);
			path = Views;
			sourceTree = "<group>";
		};
		3C8A5576202277B300A96C09 /* ViewModels */ = {
			isa = PBXGroup;
			children = (
				3C8A558F2022A66B00A96C09 /* CharacterListViewModel.swift */,
			);
			path = ViewModels;
			sourceTree = "<group>";
		};
		3C8A5577202277C600A96C09 /* Models */ = {
			isa = PBXGroup;
			children = (
				3C8A558B20229FEB00A96C09 /* CharacterListModel.swift */,
				3C8A5589202297C300A96C09 /* CharacterModel.swift */,
			);
			path = Models;
			sourceTree = "<group>";
		};
/* End PBXGroup section */

/* Begin PBXNativeTarget section */
		3C8A555A2022679D00A96C09 /* MarvelApp */ = {
			isa = PBXNativeTarget;
			buildConfigurationList = 3C8A556D2022679E00A96C09 /* Build configuration list for PBXNativeTarget "MarvelApp" */;
			buildPhases = (
				3C8A55572022679D00A96C09 /* Sources */,
				3C8A55582022679D00A96C09 /* Frameworks */,
				3C8A55592022679D00A96C09 /* Resources */,
				3C8A5585202287D800A96C09 /* Embed Frameworks */,
			);
			buildRules = (
			);
			dependencies = (
			);
			name = MarvelApp;
			productName = MarvelApp;
			productReference = 3C8A555B2022679D00A96C09 /* MarvelApp.app */;
			productType = "com.apple.product-type.application";
		};
/* End PBXNativeTarget section */

/* Begin PBXProject section */
		3C8A55532022679D00A96C09 /* Project object */ = {
			isa = PBXProject;
			attributes = {
				LastSwiftUpdateCheck = 0920;
				LastUpgradeCheck = 0920;
				ORGANIZATIONNAME = "Adriano Soares";
				TargetAttributes = {
					3C8A555A2022679D00A96C09 = {
						CreatedOnToolsVersion = 9.2;
						ProvisioningStyle = Automatic;
					};
				};
			};
			buildConfigurationList = 3C8A55562022679D00A96C09 /* Build configuration list for PBXProject "MarvelApp" */;
			compatibilityVersion = "Xcode 8.0";
			developmentRegion = en;
			hasScannedForEncodings = 0;
			knownRegions = (
				en,
				Base,
			);
			mainGroup = 3C8A55522022679D00A96C09;
			productRefGroup = 3C8A555C2022679D00A96C09 /* Products */;
			projectDirPath = "";
			projectRoot = "";
			targets = (
				3C8A555A2022679D00A96C09 /* MarvelApp */,
			);
		};
/* End PBXProject section */

/* Begin PBXResourcesBuildPhase section */
		3C8A55592022679D00A96C09 /* Resources */ = {
			isa = PBXResourcesBuildPhase;
			buildActionMask = 2147483647;
			files = (
				3C8A55692022679E00A96C09 /* LaunchScreen.storyboard in Resources */,
				3C8A55662022679E00A96C09 /* Assets.xcassets in Resources */,
				3C8A55722022722F00A96C09 /* Cartfile in Resources */,
				3C8A55642022679D00A96C09 /* Main.storyboard in Resources */,
			);
			runOnlyForDeploymentPostprocessing = 0;
		};
/* End PBXResourcesBuildPhase section */

/* Begin PBXSourcesBuildPhase section */
		3C8A55572022679D00A96C09 /* Sources */ = {
			isa = PBXSourcesBuildPhase;
			buildActionMask = 2147483647;
			files = (
				3C8A55792022794500A96C09 /* MarvelAPI.swift in Sources */,
				3C8A558A202297C300A96C09 /* CharacterModel.swift in Sources */,
				3C8A55612022679D00A96C09 /* CharacterListViewController.swift in Sources */,
				3C8A55902022A66B00A96C09 /* CharacterListViewModel.swift in Sources */,
				3C8A558C20229FEB00A96C09 /* CharacterListModel.swift in Sources */,
				3C8A557B2022795300A96C09 /* APIKeys.swift in Sources */,
				3C8A555F2022679D00A96C09 /* AppDelegate.swift in Sources */,
			);
			runOnlyForDeploymentPostprocessing = 0;
		};
/* End PBXSourcesBuildPhase section */

/* Begin PBXVariantGroup section */
		3C8A55622022679D00A96C09 /* Main.storyboard */ = {
			isa = PBXVariantGroup;
			children = (
				3C8A55632022679D00A96C09 /* Base */,
			);
			name = Main.storyboard;
			sourceTree = "<group>";
		};
		3C8A55672022679E00A96C09 /* LaunchScreen.storyboard */ = {
			isa = PBXVariantGroup;
			children = (
				3C8A55682022679E00A96C09 /* Base */,
			);
			name = LaunchScreen.storyboard;
			sourceTree = "<group>";
		};
/* End PBXVariantGroup section */

/* Begin XCBuildConfiguration section */
		3C8A556B2022679E00A96C09 /* Debug */ = {
			isa = XCBuildConfiguration;
			buildSettings = {
				ALWAYS_SEARCH_USER_PATHS = NO;
				CLANG_ANALYZER_NONNULL = YES;
				CLANG_ANALYZER_NUMBER_OBJECT_CONVERSION = YES_AGGRESSIVE;
				CLANG_CXX_LANGUAGE_STANDARD = "gnu++14";
				CLANG_CXX_LIBRARY = "libc++";
				CLANG_ENABLE_MODULES = YES;
				CLANG_ENABLE_OBJC_ARC = YES;
				CLANG_WARN_BLOCK_CAPTURE_AUTORELEASING = YES;
				CLANG_WARN_BOOL_CONVERSION = YES;
				CLANG_WARN_COMMA = YES;
				CLANG_WARN_CONSTANT_CONVERSION = YES;
				CLANG_WARN_DIRECT_OBJC_ISA_USAGE = YES_ERROR;
				CLANG_WARN_DOCUMENTATION_COMMENTS = YES;
				CLANG_WARN_EMPTY_BODY = YES;
				CLANG_WARN_ENUM_CONVERSION = YES;
				CLANG_WARN_INFINITE_RECURSION = YES;
				CLANG_WARN_INT_CONVERSION = YES;
				CLANG_WARN_NON_LITERAL_NULL_CONVERSION = YES;
				CLANG_WARN_OBJC_LITERAL_CONVERSION = YES;
				CLANG_WARN_OBJC_ROOT_CLASS = YES_ERROR;
				CLANG_WARN_RANGE_LOOP_ANALYSIS = YES;
				CLANG_WARN_STRICT_PROTOTYPES = YES;
				CLANG_WARN_SUSPICIOUS_MOVE = YES;
				CLANG_WARN_UNGUARDED_AVAILABILITY = YES_AGGRESSIVE;
				CLANG_WARN_UNREACHABLE_CODE = YES;
				CLANG_WARN__DUPLICATE_METHOD_MATCH = YES;
				CODE_SIGN_IDENTITY = "iPhone Developer";
				COPY_PHASE_STRIP = NO;
				DEBUG_INFORMATION_FORMAT = dwarf;
				ENABLE_STRICT_OBJC_MSGSEND = YES;
				ENABLE_TESTABILITY = YES;
				GCC_C_LANGUAGE_STANDARD = gnu11;
				GCC_DYNAMIC_NO_PIC = NO;
				GCC_NO_COMMON_BLOCKS = YES;
				GCC_OPTIMIZATION_LEVEL = 0;
				GCC_PREPROCESSOR_DEFINITIONS = (
					"DEBUG=1",
					"$(inherited)",
				);
				GCC_WARN_64_TO_32_BIT_CONVERSION = YES;
				GCC_WARN_ABOUT_RETURN_TYPE = YES_ERROR;
				GCC_WARN_UNDECLARED_SELECTOR = YES;
				GCC_WARN_UNINITIALIZED_AUTOS = YES_AGGRESSIVE;
				GCC_WARN_UNUSED_FUNCTION = YES;
				GCC_WARN_UNUSED_VARIABLE = YES;
				IPHONEOS_DEPLOYMENT_TARGET = 11.2;
				MTL_ENABLE_DEBUG_INFO = YES;
				ONLY_ACTIVE_ARCH = YES;
				SDKROOT = iphoneos;
				SWIFT_ACTIVE_COMPILATION_CONDITIONS = DEBUG;
				SWIFT_OPTIMIZATION_LEVEL = "-Onone";
			};
			name = Debug;
		};
		3C8A556C2022679E00A96C09 /* Release */ = {
			isa = XCBuildConfiguration;
			buildSettings = {
				ALWAYS_SEARCH_USER_PATHS = NO;
				CLANG_ANALYZER_NONNULL = YES;
				CLANG_ANALYZER_NUMBER_OBJECT_CONVERSION = YES_AGGRESSIVE;
				CLANG_CXX_LANGUAGE_STANDARD = "gnu++14";
				CLANG_CXX_LIBRARY = "libc++";
				CLANG_ENABLE_MODULES = YES;
				CLANG_ENABLE_OBJC_ARC = YES;
				CLANG_WARN_BLOCK_CAPTURE_AUTORELEASING = YES;
				CLANG_WARN_BOOL_CONVERSION = YES;
				CLANG_WARN_COMMA = YES;
				CLANG_WARN_CONSTANT_CONVERSION = YES;
				CLANG_WARN_DIRECT_OBJC_ISA_USAGE = YES_ERROR;
				CLANG_WARN_DOCUMENTATION_COMMENTS = YES;
				CLANG_WARN_EMPTY_BODY = YES;
				CLANG_WARN_ENUM_CONVERSION = YES;
				CLANG_WARN_INFINITE_RECURSION = YES;
				CLANG_WARN_INT_CONVERSION = YES;
				CLANG_WARN_NON_LITERAL_NULL_CONVERSION = YES;
				CLANG_WARN_OBJC_LITERAL_CONVERSION = YES;
				CLANG_WARN_OBJC_ROOT_CLASS = YES_ERROR;
				CLANG_WARN_RANGE_LOOP_ANALYSIS = YES;
				CLANG_WARN_STRICT_PROTOTYPES = YES;
				CLANG_WARN_SUSPICIOUS_MOVE = YES;
				CLANG_WARN_UNGUARDED_AVAILABILITY = YES_AGGRESSIVE;
				CLANG_WARN_UNREACHABLE_CODE = YES;
				CLANG_WARN__DUPLICATE_METHOD_MATCH = YES;
				CODE_SIGN_IDENTITY = "iPhone Developer";
				COPY_PHASE_STRIP = NO;
				DEBUG_INFORMATION_FORMAT = "dwarf-with-dsym";
				ENABLE_NS_ASSERTIONS = NO;
				ENABLE_STRICT_OBJC_MSGSEND = YES;
				GCC_C_LANGUAGE_STANDARD = gnu11;
				GCC_NO_COMMON_BLOCKS = YES;
				GCC_WARN_64_TO_32_BIT_CONVERSION = YES;
				GCC_WARN_ABOUT_RETURN_TYPE = YES_ERROR;
				GCC_WARN_UNDECLARED_SELECTOR = YES;
				GCC_WARN_UNINITIALIZED_AUTOS = YES_AGGRESSIVE;
				GCC_WARN_UNUSED_FUNCTION = YES;
				GCC_WARN_UNUSED_VARIABLE = YES;
				IPHONEOS_DEPLOYMENT_TARGET = 11.2;
				MTL_ENABLE_DEBUG_INFO = NO;
				SDKROOT = iphoneos;
				SWIFT_OPTIMIZATION_LEVEL = "-Owholemodule";
				VALIDATE_PRODUCT = YES;
			};
			name = Release;
		};
		3C8A556E2022679E00A96C09 /* Debug */ = {
			isa = XCBuildConfiguration;
			buildSettings = {
				ASSETCATALOG_COMPILER_APPICON_NAME = AppIcon;
				CODE_SIGN_STYLE = Automatic;
				DEVELOPMENT_TEAM = M7SM6673Q8;
				FRAMEWORK_SEARCH_PATHS = (
					"$(inherited)",
					"$(PROJECT_DIR)/Carthage/Build/iOS",
				);
				INFOPLIST_FILE = Source/Application/Info.plist;
				LD_RUNPATH_SEARCH_PATHS = "$(inherited) @executable_path/Frameworks";
				PRODUCT_BUNDLE_IDENTIFIER = com.agsoares.MarvelApp;
				PRODUCT_NAME = "$(TARGET_NAME)";
				SWIFT_VERSION = 4.0;
				TARGETED_DEVICE_FAMILY = "1,2";
			};
			name = Debug;
		};
		3C8A556F2022679E00A96C09 /* Release */ = {
			isa = XCBuildConfiguration;
			buildSettings = {
				ASSETCATALOG_COMPILER_APPICON_NAME = AppIcon;
				CODE_SIGN_STYLE = Automatic;
				DEVELOPMENT_TEAM = M7SM6673Q8;
				FRAMEWORK_SEARCH_PATHS = (
					"$(inherited)",
					"$(PROJECT_DIR)/Carthage/Build/iOS",
				);
				INFOPLIST_FILE = Source/Application/Info.plist;
				LD_RUNPATH_SEARCH_PATHS = "$(inherited) @executable_path/Frameworks";
				PRODUCT_BUNDLE_IDENTIFIER = com.agsoares.MarvelApp;
				PRODUCT_NAME = "$(TARGET_NAME)";
				SWIFT_VERSION = 4.0;
				TARGETED_DEVICE_FAMILY = "1,2";
			};
			name = Release;
		};
/* End XCBuildConfiguration section */

/* Begin XCConfigurationList section */
		3C8A55562022679D00A96C09 /* Build configuration list for PBXProject "MarvelApp" */ = {
			isa = XCConfigurationList;
			buildConfigurations = (
				3C8A556B2022679E00A96C09 /* Debug */,
				3C8A556C2022679E00A96C09 /* Release */,
			);
			defaultConfigurationIsVisible = 0;
			defaultConfigurationName = Release;
		};
		3C8A556D2022679E00A96C09 /* Build configuration list for PBXNativeTarget "MarvelApp" */ = {
			isa = XCConfigurationList;
			buildConfigurations = (
				3C8A556E2022679E00A96C09 /* Debug */,
				3C8A556F2022679E00A96C09 /* Release */,
			);
			defaultConfigurationIsVisible = 0;
			defaultConfigurationName = Release;
		};
/* End XCConfigurationList section */
	};
	rootObject = 3C8A55532022679D00A96C09 /* Project object */;
}
